
Microsoft Visual Studio Solution File, Format Version 12.00
# Visual Studio Version 17
VisualStudioVersion = 17.5.33424.131
MinimumVisualStudioVersion = 10.0.40219.1
Project("{FAE04EC0-301F-11D3-BF4B-00C04F79EFBC}") = "ConsoleApp4", "ConsoleApp4\ConsoleApp4.csproj", "{324B6D80-5EAE-463B-8143-2E937D4991DA}"
EndProject
Global
	GlobalSection(SolutionConfigurationPlatforms) = preSolution
		Debug|Any CPU = Debug|Any CPU
		Release|Any CPU = Release|Any CPU
	EndGlobalSection
	GlobalSection(ProjectConfigurationPlatforms) = postSolution
		{324B6D80-5EAE-463B-8143-2E937D4991DA}.Debug|Any CPU.ActiveCfg = Debug|Any CPU
		{324B6D80-5EAE-463B-8143-2E937D4991DA}.Debug|Any CPU.Build.0 = Debug|Any CPU
		{324B6D80-5EAE-463B-8143-2E937D4991DA}.Release|Any CPU.ActiveCfg = Release|Any CPU
		{324B6D80-5EAE-463B-8143-2E937D4991DA}.Release|Any CPU.Build.0 = Release|Any CPU
	EndGlobalSection
	GlobalSection(SolutionProperties) = preSolution
		HideSolutionNode = FALSE
	EndGlobalSection
	GlobalSection(ExtensibilityGlobals) = postSolution
		SolutionGuid = {78A68235-395B-4B10-B271-E7FC1A54AED3}
	EndGlobalSection
EndGlobal
